<Solution>
  <Folder Name="/src/">
    <Project Path="src/SecuritySuite.Core/SecuritySuite.Core.csproj">
      <Platform Project="x64" />
    </Project>
    <Project Path="src/SecuritySuite.Cli/SecuritySuite.Cli.csproj">
      <Platform Project="x64" />
    </Project>
    <Project Path="src/SecuritySuite.Launcher/SecuritySuite.Launcher.csproj">
      <Platform Project="x64" />
    </Project>
    <Project Path="src/SecuritySuite.Tools/SecuritySuite.Tools.csproj">
      <Platform Project="x64" />
    </Project>
  </Folder>
  <Folder Name="/tests/">
    <Project Path="tests/SecuritySuite.Tests/SecuritySuite.Tests.csproj">
      <Platform Project="x64" />
    </Project>
  </Folder>
</Solution>
